
Microsoft Visual Studio Solution File, Format Version 12.00
# Visual Studio Version 17
VisualStudioVersion = 17.4.33213.308
MinimumVisualStudioVersion = 10.0.40219.1
Project("{9A19103F-16F7-4668-BE54-9A1E7A4F7556}") = "XUnitTest", "XUnitTest\XUnitTest.csproj", "{6E4AEC30-2F0C-4CDA-B1EE-32AD601DBC94}"
EndProject
Global
	GlobalSection(SolutionConfigurationPlatforms) = preSolution
		Debug|Any CPU = Debug|Any CPU
		Release|Any CPU = Release|Any CPU
	EndGlobalSection
	GlobalSection(ProjectConfigurationPlatforms) = postSolution
		{6E4AEC30-2F0C-4CDA-B1EE-32AD601DBC94}.Debug|Any CPU.ActiveCfg = Debug|Any CPU
		{6E4AEC30-2F0C-4CDA-B1EE-32AD601DBC94}.Debug|Any CPU.Build.0 = Debug|Any CPU
		{6E4AEC30-2F0C-4CDA-B1EE-32AD601DBC94}.Release|Any CPU.ActiveCfg = Release|Any CPU
		{6E4AEC30-2F0C-4CDA-B1EE-32AD601DBC94}.Release|Any CPU.Build.0 = Release|Any CPU
	EndGlobalSection
	GlobalSection(SolutionProperties) = preSolution
		HideSolutionNode = FALSE
	EndGlobalSection
	GlobalSection(ExtensibilityGlobals) = postSolution
		SolutionGuid = {AC20ECEC-5923-4BCA-8387-07B12CD28C7E}
	EndGlobalSection
EndGlobal
