
Microsoft Visual Studio Solution File, Format Version 12.00
# Visual Studio Version 17
VisualStudioVersion = 17.4.33213.308
MinimumVisualStudioVersion = 10.0.40219.1
Project("{9A19103F-16F7-4668-BE54-9A1E7A4F7556}") = "XUnitTest", "XUnitTest\XUnitTest.csproj", "{6E4AEC30-2F0C-4CDA-B1EE-32AD601DBC94}"
EndProject
Project("{9A19103F-16F7-4668-BE54-9A1E7A4F7556}") = "ConsoleClient", "ConsoleClient\ConsoleClient.csproj", "{5382C71E-CB70-41A4-B0E0-E87A8783A8FF}"
EndProject
Project("{FAE04EC0-301F-11D3-BF4B-00C04F79EFBC}") = "Domain", "Domain\Domain.csproj", "{F44B889A-3231-4892-B0F3-0DCB33094E1C}"
EndProject
Project("{FAE04EC0-301F-11D3-BF4B-00C04F79EFBC}") = "Data", "Data\Data.csproj", "{1011344E-E095-4862-A98C-A6D82991DA3B}"
EndProject
Project("{FAE04EC0-301F-11D3-BF4B-00C04F79EFBC}") = "Infra", "Infra\Infra.csproj", "{90128649-76E4-4683-8FB8-345B85E87BF5}"
EndProject
Global
	GlobalSection(SolutionConfigurationPlatforms) = preSolution
		Debug|Any CPU = Debug|Any CPU
		Release|Any CPU = Release|Any CPU
	EndGlobalSection
	GlobalSection(ProjectConfigurationPlatforms) = postSolution
		{6E4AEC30-2F0C-4CDA-B1EE-32AD601DBC94}.Debug|Any CPU.ActiveCfg = Debug|Any CPU
		{6E4AEC30-2F0C-4CDA-B1EE-32AD601DBC94}.Debug|Any CPU.Build.0 = Debug|Any CPU
		{6E4AEC30-2F0C-4CDA-B1EE-32AD601DBC94}.Release|Any CPU.ActiveCfg = Release|Any CPU
		{6E4AEC30-2F0C-4CDA-B1EE-32AD601DBC94}.Release|Any CPU.Build.0 = Release|Any CPU
		{5382C71E-CB70-41A4-B0E0-E87A8783A8FF}.Debug|Any CPU.ActiveCfg = Debug|Any CPU
		{5382C71E-CB70-41A4-B0E0-E87A8783A8FF}.Debug|Any CPU.Build.0 = Debug|Any CPU
		{5382C71E-CB70-41A4-B0E0-E87A8783A8FF}.Release|Any CPU.ActiveCfg = Release|Any CPU
		{5382C71E-CB70-41A4-B0E0-E87A8783A8FF}.Release|Any CPU.Build.0 = Release|Any CPU
		{F44B889A-3231-4892-B0F3-0DCB33094E1C}.Debug|Any CPU.ActiveCfg = Debug|Any CPU
		{F44B889A-3231-4892-B0F3-0DCB33094E1C}.Debug|Any CPU.Build.0 = Debug|Any CPU
		{F44B889A-3231-4892-B0F3-0DCB33094E1C}.Release|Any CPU.ActiveCfg = Release|Any CPU
		{F44B889A-3231-4892-B0F3-0DCB33094E1C}.Release|Any CPU.Build.0 = Release|Any CPU
		{1011344E-E095-4862-A98C-A6D82991DA3B}.Debug|Any CPU.ActiveCfg = Debug|Any CPU
		{1011344E-E095-4862-A98C-A6D82991DA3B}.Debug|Any CPU.Build.0 = Debug|Any CPU
		{1011344E-E095-4862-A98C-A6D82991DA3B}.Release|Any CPU.ActiveCfg = Release|Any CPU
		{1011344E-E095-4862-A98C-A6D82991DA3B}.Release|Any CPU.Build.0 = Release|Any CPU
		{90128649-76E4-4683-8FB8-345B85E87BF5}.Debug|Any CPU.ActiveCfg = Debug|Any CPU
		{90128649-76E4-4683-8FB8-345B85E87BF5}.Debug|Any CPU.Build.0 = Debug|Any CPU
		{90128649-76E4-4683-8FB8-345B85E87BF5}.Release|Any CPU.ActiveCfg = Release|Any CPU
		{90128649-76E4-4683-8FB8-345B85E87BF5}.Release|Any CPU.Build.0 = Release|Any CPU
	EndGlobalSection
	GlobalSection(SolutionProperties) = preSolution
		HideSolutionNode = FALSE
	EndGlobalSection
	GlobalSection(ExtensibilityGlobals) = postSolution
		SolutionGuid = {AC20ECEC-5923-4BCA-8387-07B12CD28C7E}
	EndGlobalSection
EndGlobal
